
Microsoft Visual Studio Solution File, Format Version 12.00
# Visual Studio Version 16
VisualStudioVersion = 16.0.31515.178
MinimumVisualStudioVersion = 10.0.40219.1
Project("{FAE04EC0-301F-11D3-BF4B-00C04F79EFBC}") = "First Program", "First Program\First Program.csproj", "{905F0227-BAFF-4EDA-B45E-F48CE0E8952B}"
EndProject
Global
	GlobalSection(SolutionConfigurationPlatforms) = preSolution
		Debug|Any CPU = Debug|Any CPU
		Release|Any CPU = Release|Any CPU
	EndGlobalSection
	GlobalSection(ProjectConfigurationPlatforms) = postSolution
		{905F0227-BAFF-4EDA-B45E-F48CE0E8952B}.Debug|Any CPU.ActiveCfg = Debug|Any CPU
		{905F0227-BAFF-4EDA-B45E-F48CE0E8952B}.Debug|Any CPU.Build.0 = Debug|Any CPU
		{905F0227-BAFF-4EDA-B45E-F48CE0E8952B}.Release|Any CPU.ActiveCfg = Release|Any CPU
		{905F0227-BAFF-4EDA-B45E-F48CE0E8952B}.Release|Any CPU.Build.0 = Release|Any CPU
	EndGlobalSection
	GlobalSection(SolutionProperties) = preSolution
		HideSolutionNode = FALSE
	EndGlobalSection
	GlobalSection(ExtensibilityGlobals) = postSolution
		SolutionGuid = {0A9CF310-9282-4FB6-AE18-3F018B84DB74}
	EndGlobalSection
EndGlobal
