
Microsoft Visual Studio Solution File, Format Version 12.00
# Visual Studio Version 16
VisualStudioVersion = 16.0.31515.178
MinimumVisualStudioVersion = 10.0.40219.1
Project("{FAE04EC0-301F-11D3-BF4B-00C04F79EFBC}") = "Employee Full Time Wage", "Employee Full Time Wage\Employee Full Time Wage.csproj", "{9CFD6560-C049-4B4E-91A7-0C56EF4C1FDF}"
EndProject
Global
	GlobalSection(SolutionConfigurationPlatforms) = preSolution
		Debug|Any CPU = Debug|Any CPU
		Release|Any CPU = Release|Any CPU
	EndGlobalSection
	GlobalSection(ProjectConfigurationPlatforms) = postSolution
		{9CFD6560-C049-4B4E-91A7-0C56EF4C1FDF}.Debug|Any CPU.ActiveCfg = Debug|Any CPU
		{9CFD6560-C049-4B4E-91A7-0C56EF4C1FDF}.Debug|Any CPU.Build.0 = Debug|Any CPU
		{9CFD6560-C049-4B4E-91A7-0C56EF4C1FDF}.Release|Any CPU.ActiveCfg = Release|Any CPU
		{9CFD6560-C049-4B4E-91A7-0C56EF4C1FDF}.Release|Any CPU.Build.0 = Release|Any CPU
	EndGlobalSection
	GlobalSection(SolutionProperties) = preSolution
		HideSolutionNode = FALSE
	EndGlobalSection
	GlobalSection(ExtensibilityGlobals) = postSolution
		SolutionGuid = {78475E5F-36CB-4D2A-A8D5-42F56BF9A745}
	EndGlobalSection
EndGlobal
