
Microsoft Visual Studio Solution File, Format Version 12.00
# Visual Studio Version 16
VisualStudioVersion = 16.0.31515.178
MinimumVisualStudioVersion = 10.0.40219.1
Project("{FAE04EC0-301F-11D3-BF4B-00C04F79EFBC}") = "Employee_Attendance", "Employee_Attendance\Employee_Attendance.csproj", "{EA8AB8CA-82E6-4A5C-AF38-3FC5F6233FBB}"
EndProject
Global
	GlobalSection(SolutionConfigurationPlatforms) = preSolution
		Debug|Any CPU = Debug|Any CPU
		Release|Any CPU = Release|Any CPU
	EndGlobalSection
	GlobalSection(ProjectConfigurationPlatforms) = postSolution
		{EA8AB8CA-82E6-4A5C-AF38-3FC5F6233FBB}.Debug|Any CPU.ActiveCfg = Debug|Any CPU
		{EA8AB8CA-82E6-4A5C-AF38-3FC5F6233FBB}.Debug|Any CPU.Build.0 = Debug|Any CPU
		{EA8AB8CA-82E6-4A5C-AF38-3FC5F6233FBB}.Release|Any CPU.ActiveCfg = Release|Any CPU
		{EA8AB8CA-82E6-4A5C-AF38-3FC5F6233FBB}.Release|Any CPU.Build.0 = Release|Any CPU
	EndGlobalSection
	GlobalSection(SolutionProperties) = preSolution
		HideSolutionNode = FALSE
	EndGlobalSection
	GlobalSection(ExtensibilityGlobals) = postSolution
		SolutionGuid = {86C9EBB1-8301-4D1A-8ACF-73094F1BD87C}
	EndGlobalSection
EndGlobal
